
Microsoft Visual Studio Solution File, Format Version 12.00
# Visual Studio 15
VisualStudioVersion = 15.0.26124.0
MinimumVisualStudioVersion = 15.0.26124.0
Project("{FAE04EC0-301F-11D3-BF4B-00C04F79EFBC}") = "Test", "Test\Test.csproj", "{06EC454F-3687-4749-902D-460F723AB34A}"
EndProject
Project("{FAE04EC0-301F-11D3-BF4B-00C04F79EFBC}") = "Test.Tests", "Test.Tests\Test.Tests.csproj", "{0911D9D0-9FF2-4489-9439-1E2C0E7E2E2B}"
EndProject
Project("{FAE04EC0-301F-11D3-BF4B-00C04F79EFBC}") = "Math", "Math\Math.csproj", "{DA0CAFC9-EA49-461D-970C-4A215522A2D5}"
EndProject
Project("{FAE04EC0-301F-11D3-BF4B-00C04F79EFBC}") = "Math.Tests", "Math.Tests\Math.Tests.csproj", "{583E6F2E-784E-4A5C-92F2-D29B09C2B151}"
EndProject
Project("{FAE04EC0-301F-11D3-BF4B-00C04F79EFBC}") = "LinearFunction", "LinearFunction\LinearFunction.csproj", "{1AAEEA24-364A-4689-B07B-7D06BA74BB26}"
EndProject
Project("{FAE04EC0-301F-11D3-BF4B-00C04F79EFBC}") = "LinearFunction.Tests", "LinearFunction.Tests\LinearFunction.Tests.csproj", "{5425CDEB-2D3B-4C09-B433-8FA898E0CA0E}"
EndProject
Global
	GlobalSection(SolutionConfigurationPlatforms) = preSolution
		Debug|Any CPU = Debug|Any CPU
		Debug|x64 = Debug|x64
		Debug|x86 = Debug|x86
		Release|Any CPU = Release|Any CPU
		Release|x64 = Release|x64
		Release|x86 = Release|x86
	EndGlobalSection
	GlobalSection(SolutionProperties) = preSolution
		HideSolutionNode = FALSE
	EndGlobalSection
	GlobalSection(ProjectConfigurationPlatforms) = postSolution
		{06EC454F-3687-4749-902D-460F723AB34A}.Debug|Any CPU.ActiveCfg = Debug|Any CPU
		{06EC454F-3687-4749-902D-460F723AB34A}.Debug|Any CPU.Build.0 = Debug|Any CPU
		{06EC454F-3687-4749-902D-460F723AB34A}.Debug|x64.ActiveCfg = Debug|x64
		{06EC454F-3687-4749-902D-460F723AB34A}.Debug|x64.Build.0 = Debug|x64
		{06EC454F-3687-4749-902D-460F723AB34A}.Debug|x86.ActiveCfg = Debug|x86
		{06EC454F-3687-4749-902D-460F723AB34A}.Debug|x86.Build.0 = Debug|x86
		{06EC454F-3687-4749-902D-460F723AB34A}.Release|Any CPU.ActiveCfg = Release|Any CPU
		{06EC454F-3687-4749-902D-460F723AB34A}.Release|Any CPU.Build.0 = Release|Any CPU
		{06EC454F-3687-4749-902D-460F723AB34A}.Release|x64.ActiveCfg = Release|x64
		{06EC454F-3687-4749-902D-460F723AB34A}.Release|x64.Build.0 = Release|x64
		{06EC454F-3687-4749-902D-460F723AB34A}.Release|x86.ActiveCfg = Release|x86
		{06EC454F-3687-4749-902D-460F723AB34A}.Release|x86.Build.0 = Release|x86
		{0911D9D0-9FF2-4489-9439-1E2C0E7E2E2B}.Debug|Any CPU.ActiveCfg = Debug|Any CPU
		{0911D9D0-9FF2-4489-9439-1E2C0E7E2E2B}.Debug|Any CPU.Build.0 = Debug|Any CPU
		{0911D9D0-9FF2-4489-9439-1E2C0E7E2E2B}.Debug|x64.ActiveCfg = Debug|x64
		{0911D9D0-9FF2-4489-9439-1E2C0E7E2E2B}.Debug|x64.Build.0 = Debug|x64
		{0911D9D0-9FF2-4489-9439-1E2C0E7E2E2B}.Debug|x86.ActiveCfg = Debug|x86
		{0911D9D0-9FF2-4489-9439-1E2C0E7E2E2B}.Debug|x86.Build.0 = Debug|x86
		{0911D9D0-9FF2-4489-9439-1E2C0E7E2E2B}.Release|Any CPU.ActiveCfg = Release|Any CPU
		{0911D9D0-9FF2-4489-9439-1E2C0E7E2E2B}.Release|Any CPU.Build.0 = Release|Any CPU
		{0911D9D0-9FF2-4489-9439-1E2C0E7E2E2B}.Release|x64.ActiveCfg = Release|x64
		{0911D9D0-9FF2-4489-9439-1E2C0E7E2E2B}.Release|x64.Build.0 = Release|x64
		{0911D9D0-9FF2-4489-9439-1E2C0E7E2E2B}.Release|x86.ActiveCfg = Release|x86
		{0911D9D0-9FF2-4489-9439-1E2C0E7E2E2B}.Release|x86.Build.0 = Release|x86
		{DA0CAFC9-EA49-461D-970C-4A215522A2D5}.Debug|Any CPU.ActiveCfg = Debug|Any CPU
		{DA0CAFC9-EA49-461D-970C-4A215522A2D5}.Debug|Any CPU.Build.0 = Debug|Any CPU
		{DA0CAFC9-EA49-461D-970C-4A215522A2D5}.Debug|x64.ActiveCfg = Debug|x64
		{DA0CAFC9-EA49-461D-970C-4A215522A2D5}.Debug|x64.Build.0 = Debug|x64
		{DA0CAFC9-EA49-461D-970C-4A215522A2D5}.Debug|x86.ActiveCfg = Debug|x86
		{DA0CAFC9-EA49-461D-970C-4A215522A2D5}.Debug|x86.Build.0 = Debug|x86
		{DA0CAFC9-EA49-461D-970C-4A215522A2D5}.Release|Any CPU.ActiveCfg = Release|Any CPU
		{DA0CAFC9-EA49-461D-970C-4A215522A2D5}.Release|Any CPU.Build.0 = Release|Any CPU
		{DA0CAFC9-EA49-461D-970C-4A215522A2D5}.Release|x64.ActiveCfg = Release|x64
		{DA0CAFC9-EA49-461D-970C-4A215522A2D5}.Release|x64.Build.0 = Release|x64
		{DA0CAFC9-EA49-461D-970C-4A215522A2D5}.Release|x86.ActiveCfg = Release|x86
		{DA0CAFC9-EA49-461D-970C-4A215522A2D5}.Release|x86.Build.0 = Release|x86
		{583E6F2E-784E-4A5C-92F2-D29B09C2B151}.Debug|Any CPU.ActiveCfg = Debug|Any CPU
		{583E6F2E-784E-4A5C-92F2-D29B09C2B151}.Debug|Any CPU.Build.0 = Debug|Any CPU
		{583E6F2E-784E-4A5C-92F2-D29B09C2B151}.Debug|x64.ActiveCfg = Debug|x64
		{583E6F2E-784E-4A5C-92F2-D29B09C2B151}.Debug|x64.Build.0 = Debug|x64
		{583E6F2E-784E-4A5C-92F2-D29B09C2B151}.Debug|x86.ActiveCfg = Debug|x86
		{583E6F2E-784E-4A5C-92F2-D29B09C2B151}.Debug|x86.Build.0 = Debug|x86
		{583E6F2E-784E-4A5C-92F2-D29B09C2B151}.Release|Any CPU.ActiveCfg = Release|Any CPU
		{583E6F2E-784E-4A5C-92F2-D29B09C2B151}.Release|Any CPU.Build.0 = Release|Any CPU
		{583E6F2E-784E-4A5C-92F2-D29B09C2B151}.Release|x64.ActiveCfg = Release|x64
		{583E6F2E-784E-4A5C-92F2-D29B09C2B151}.Release|x64.Build.0 = Release|x64
		{583E6F2E-784E-4A5C-92F2-D29B09C2B151}.Release|x86.ActiveCfg = Release|x86
		{583E6F2E-784E-4A5C-92F2-D29B09C2B151}.Release|x86.Build.0 = Release|x86
		{1AAEEA24-364A-4689-B07B-7D06BA74BB26}.Debug|Any CPU.ActiveCfg = Debug|Any CPU
		{1AAEEA24-364A-4689-B07B-7D06BA74BB26}.Debug|Any CPU.Build.0 = Debug|Any CPU
		{1AAEEA24-364A-4689-B07B-7D06BA74BB26}.Debug|x64.ActiveCfg = Debug|x64
		{1AAEEA24-364A-4689-B07B-7D06BA74BB26}.Debug|x64.Build.0 = Debug|x64
		{1AAEEA24-364A-4689-B07B-7D06BA74BB26}.Debug|x86.ActiveCfg = Debug|x86
		{1AAEEA24-364A-4689-B07B-7D06BA74BB26}.Debug|x86.Build.0 = Debug|x86
		{1AAEEA24-364A-4689-B07B-7D06BA74BB26}.Release|Any CPU.ActiveCfg = Release|Any CPU
		{1AAEEA24-364A-4689-B07B-7D06BA74BB26}.Release|Any CPU.Build.0 = Release|Any CPU
		{1AAEEA24-364A-4689-B07B-7D06BA74BB26}.Release|x64.ActiveCfg = Release|x64
		{1AAEEA24-364A-4689-B07B-7D06BA74BB26}.Release|x64.Build.0 = Release|x64
		{1AAEEA24-364A-4689-B07B-7D06BA74BB26}.Release|x86.ActiveCfg = Release|x86
		{1AAEEA24-364A-4689-B07B-7D06BA74BB26}.Release|x86.Build.0 = Release|x86
		{5425CDEB-2D3B-4C09-B433-8FA898E0CA0E}.Debug|Any CPU.ActiveCfg = Debug|Any CPU
		{5425CDEB-2D3B-4C09-B433-8FA898E0CA0E}.Debug|Any CPU.Build.0 = Debug|Any CPU
		{5425CDEB-2D3B-4C09-B433-8FA898E0CA0E}.Debug|x64.ActiveCfg = Debug|x64
		{5425CDEB-2D3B-4C09-B433-8FA898E0CA0E}.Debug|x64.Build.0 = Debug|x64
		{5425CDEB-2D3B-4C09-B433-8FA898E0CA0E}.Debug|x86.ActiveCfg = Debug|x86
		{5425CDEB-2D3B-4C09-B433-8FA898E0CA0E}.Debug|x86.Build.0 = Debug|x86
		{5425CDEB-2D3B-4C09-B433-8FA898E0CA0E}.Release|Any CPU.ActiveCfg = Release|Any CPU
		{5425CDEB-2D3B-4C09-B433-8FA898E0CA0E}.Release|Any CPU.Build.0 = Release|Any CPU
		{5425CDEB-2D3B-4C09-B433-8FA898E0CA0E}.Release|x64.ActiveCfg = Release|x64
		{5425CDEB-2D3B-4C09-B433-8FA898E0CA0E}.Release|x64.Build.0 = Release|x64
		{5425CDEB-2D3B-4C09-B433-8FA898E0CA0E}.Release|x86.ActiveCfg = Release|x86
		{5425CDEB-2D3B-4C09-B433-8FA898E0CA0E}.Release|x86.Build.0 = Release|x86
	EndGlobalSection
EndGlobal
